
Microsoft Visual Studio Solution File, Format Version 12.00
# Visual Studio Version 17
VisualStudioVersion = 17.1.32210.238
MinimumVisualStudioVersion = 10.0.40219.1
Project("{9A19103F-16F7-4668-BE54-9A1E7A4F7556}") = "Praxis.Engine", "Praxis.Engine\Praxis.Engine.csproj", "{1DCADB9A-8423-430B-AF3E-4AF58199A6DA}"
EndProject
Project("{9A19103F-16F7-4668-BE54-9A1E7A4F7556}") = "Praxis.Console", "Praxis.Console\Praxis.Console.csproj", "{38617EDC-626A-4AA4-9954-C7B0700271D3}"
EndProject
Project("{FAE04EC0-301F-11D3-BF4B-00C04F79EFBC}") = "Praxis.Console.Win98", "Praxis.Console.Win98\Praxis.Console.Win98.csproj", "{8147C7A6-EE2A-4246-B70F-7E46D08B01D0}"
EndProject
Project("{FAE04EC0-301F-11D3-BF4B-00C04F79EFBC}") = "Praxis.Engine.Win98", "Praxis.Engine.Win98\Praxis.Engine.Win98.csproj", "{2C1D0FCC-13D4-4FC6-BF1D-E3E1147125EB}"
EndProject
Global
	GlobalSection(SolutionConfigurationPlatforms) = preSolution
		Debug|Any CPU = Debug|Any CPU
		Release|Any CPU = Release|Any CPU
	EndGlobalSection
	GlobalSection(ProjectConfigurationPlatforms) = postSolution
		{1DCADB9A-8423-430B-AF3E-4AF58199A6DA}.Debug|Any CPU.ActiveCfg = Debug|Any CPU
		{1DCADB9A-8423-430B-AF3E-4AF58199A6DA}.Debug|Any CPU.Build.0 = Debug|Any CPU
		{1DCADB9A-8423-430B-AF3E-4AF58199A6DA}.Release|Any CPU.ActiveCfg = Release|Any CPU
		{1DCADB9A-8423-430B-AF3E-4AF58199A6DA}.Release|Any CPU.Build.0 = Release|Any CPU
		{38617EDC-626A-4AA4-9954-C7B0700271D3}.Debug|Any CPU.ActiveCfg = Debug|Any CPU
		{38617EDC-626A-4AA4-9954-C7B0700271D3}.Debug|Any CPU.Build.0 = Debug|Any CPU
		{38617EDC-626A-4AA4-9954-C7B0700271D3}.Release|Any CPU.ActiveCfg = Release|Any CPU
		{38617EDC-626A-4AA4-9954-C7B0700271D3}.Release|Any CPU.Build.0 = Release|Any CPU
		{8147C7A6-EE2A-4246-B70F-7E46D08B01D0}.Debug|Any CPU.ActiveCfg = Debug|Any CPU
		{8147C7A6-EE2A-4246-B70F-7E46D08B01D0}.Debug|Any CPU.Build.0 = Debug|Any CPU
		{8147C7A6-EE2A-4246-B70F-7E46D08B01D0}.Release|Any CPU.ActiveCfg = Release|Any CPU
		{8147C7A6-EE2A-4246-B70F-7E46D08B01D0}.Release|Any CPU.Build.0 = Release|Any CPU
		{2C1D0FCC-13D4-4FC6-BF1D-E3E1147125EB}.Debug|Any CPU.ActiveCfg = Debug|Any CPU
		{2C1D0FCC-13D4-4FC6-BF1D-E3E1147125EB}.Debug|Any CPU.Build.0 = Debug|Any CPU
		{2C1D0FCC-13D4-4FC6-BF1D-E3E1147125EB}.Release|Any CPU.ActiveCfg = Release|Any CPU
		{2C1D0FCC-13D4-4FC6-BF1D-E3E1147125EB}.Release|Any CPU.Build.0 = Release|Any CPU
	EndGlobalSection
	GlobalSection(SolutionProperties) = preSolution
		HideSolutionNode = FALSE
	EndGlobalSection
	GlobalSection(ExtensibilityGlobals) = postSolution
		SolutionGuid = {D795DD15-B6B6-4C21-ACD0-4E7F0EA48BAB}
	EndGlobalSection
EndGlobal
